
Microsoft Visual Studio Solution File, Format Version 12.00
# Visual Studio 2013
VisualStudioVersion = 12.0.21005.1
MinimumVisualStudioVersion = 10.0.40219.1
Project("{8BC9CEB8-8B4A-11D0-8D11-00A0C91BC942}") = "mesh", "mesh\mesh.vcxproj", "{3977D2CF-4DAA-4584-9C2D-59CA8A772427}"
	ProjectSection(ProjectDependencies) = postProject
		{D2782F7B-F308-4B3F-819E-D7C7F108559E} = {D2782F7B-F308-4B3F-819E-D7C7F108559E}
		{0CA7E6D6-9282-40DD-8B40-4FFFF1398F49} = {0CA7E6D6-9282-40DD-8B40-4FFFF1398F49}
	EndProjectSection
EndProject
Project("{8BC9CEB8-8B4A-11D0-8D11-00A0C91BC942}") = "meshclr", "meshclr\meshclr.vcxproj", "{D72663E8-7EC3-4239-AD70-3FBE74268114}"
	ProjectSection(ProjectDependencies) = postProject
		{3977D2CF-4DAA-4584-9C2D-59CA8A772427} = {3977D2CF-4DAA-4584-9C2D-59CA8A772427}
	EndProjectSection
EndProject
Project("{FAE04EC0-301F-11D3-BF4B-00C04F79EFBC}") = "mesheditor", "mesheditor\mesheditor.csproj", "{4CA75A56-080C-43E6-B68B-63401724782A}"
	ProjectSection(ProjectDependencies) = postProject
		{D72663E8-7EC3-4239-AD70-3FBE74268114} = {D72663E8-7EC3-4239-AD70-3FBE74268114}
	EndProjectSection
EndProject
Project("{8BC9CEB8-8B4A-11D0-8D11-00A0C91BC942}") = "taucs", "taucs\taucs.vcxproj", "{0CA7E6D6-9282-40DD-8B40-4FFFF1398F49}"
EndProject
Project("{8BC9CEB8-8B4A-11D0-8D11-00A0C91BC942}") = "newmat", "newmat\newmat.vcxproj", "{D2782F7B-F308-4B3F-819E-D7C7F108559E}"
EndProject
Global
	GlobalSection(SolutionConfigurationPlatforms) = preSolution
		Debug|Win32 = Debug|Win32
		Release|Win32 = Release|Win32
	EndGlobalSection
	GlobalSection(ProjectConfigurationPlatforms) = postSolution
		{3977D2CF-4DAA-4584-9C2D-59CA8A772427}.Debug|Win32.ActiveCfg = Debug|Win32
		{3977D2CF-4DAA-4584-9C2D-59CA8A772427}.Debug|Win32.Build.0 = Debug|Win32
		{3977D2CF-4DAA-4584-9C2D-59CA8A772427}.Release|Win32.ActiveCfg = Release|Win32
		{3977D2CF-4DAA-4584-9C2D-59CA8A772427}.Release|Win32.Build.0 = Release|Win32
		{D72663E8-7EC3-4239-AD70-3FBE74268114}.Debug|Win32.ActiveCfg = Debug|Win32
		{D72663E8-7EC3-4239-AD70-3FBE74268114}.Debug|Win32.Build.0 = Debug|Win32
		{D72663E8-7EC3-4239-AD70-3FBE74268114}.Release|Win32.ActiveCfg = Release|Win32
		{D72663E8-7EC3-4239-AD70-3FBE74268114}.Release|Win32.Build.0 = Release|Win32
		{4CA75A56-080C-43E6-B68B-63401724782A}.Debug|Win32.ActiveCfg = Debug|x86
		{4CA75A56-080C-43E6-B68B-63401724782A}.Debug|Win32.Build.0 = Debug|x86
		{4CA75A56-080C-43E6-B68B-63401724782A}.Release|Win32.ActiveCfg = Release|x86
		{4CA75A56-080C-43E6-B68B-63401724782A}.Release|Win32.Build.0 = Release|x86
		{0CA7E6D6-9282-40DD-8B40-4FFFF1398F49}.Debug|Win32.ActiveCfg = Debug|Win32
		{0CA7E6D6-9282-40DD-8B40-4FFFF1398F49}.Debug|Win32.Build.0 = Debug|Win32
		{0CA7E6D6-9282-40DD-8B40-4FFFF1398F49}.Release|Win32.ActiveCfg = Release|Win32
		{0CA7E6D6-9282-40DD-8B40-4FFFF1398F49}.Release|Win32.Build.0 = Release|Win32
		{D2782F7B-F308-4B3F-819E-D7C7F108559E}.Debug|Win32.ActiveCfg = Debug|Win32
		{D2782F7B-F308-4B3F-819E-D7C7F108559E}.Debug|Win32.Build.0 = Debug|Win32
		{D2782F7B-F308-4B3F-819E-D7C7F108559E}.Release|Win32.ActiveCfg = Release|Win32
		{D2782F7B-F308-4B3F-819E-D7C7F108559E}.Release|Win32.Build.0 = Release|Win32
	EndGlobalSection
	GlobalSection(SolutionProperties) = preSolution
		HideSolutionNode = FALSE
	EndGlobalSection
EndGlobal
